
Microsoft Visual Studio Solution File, Format Version 12.00
# Visual Studio 15
VisualStudioVersion = 15.0.27703.1
MinimumVisualStudioVersion = 10.0.40219.1
Project("{FAE04EC0-301F-11D3-BF4B-00C04F79EFBC}") = "MyGame", "MyGame\MyGame.csproj", "{5F4D7B88-6637-4FA9-B694-3A29B6C45991}"
EndProject
Project("{FAE04EC0-301F-11D3-BF4B-00C04F79EFBC}") = "Ex1", "Ex1\Ex1.csproj", "{76345134-8FB4-42A7-B618-BA927CD35968}"
EndProject
Global
	GlobalSection(SolutionConfigurationPlatforms) = preSolution
		Debug|Any CPU = Debug|Any CPU
		Release|Any CPU = Release|Any CPU
	EndGlobalSection
	GlobalSection(ProjectConfigurationPlatforms) = postSolution
		{5F4D7B88-6637-4FA9-B694-3A29B6C45991}.Debug|Any CPU.ActiveCfg = Debug|Any CPU
		{5F4D7B88-6637-4FA9-B694-3A29B6C45991}.Debug|Any CPU.Build.0 = Debug|Any CPU
		{5F4D7B88-6637-4FA9-B694-3A29B6C45991}.Release|Any CPU.ActiveCfg = Release|Any CPU
		{5F4D7B88-6637-4FA9-B694-3A29B6C45991}.Release|Any CPU.Build.0 = Release|Any CPU
		{76345134-8FB4-42A7-B618-BA927CD35968}.Debug|Any CPU.ActiveCfg = Debug|Any CPU
		{76345134-8FB4-42A7-B618-BA927CD35968}.Debug|Any CPU.Build.0 = Debug|Any CPU
		{76345134-8FB4-42A7-B618-BA927CD35968}.Release|Any CPU.ActiveCfg = Release|Any CPU
		{76345134-8FB4-42A7-B618-BA927CD35968}.Release|Any CPU.Build.0 = Release|Any CPU
	EndGlobalSection
	GlobalSection(SolutionProperties) = preSolution
		HideSolutionNode = FALSE
	EndGlobalSection
	GlobalSection(ExtensibilityGlobals) = postSolution
		SolutionGuid = {2818E5F2-43A8-4F55-9915-68D672410842}
	EndGlobalSection
EndGlobal
